PODS:
  - Capacitor (7.6.0):
    - CapacitorCordova
  - CapacitorCordova (7.6.0)

DEPENDENCIES:
  - "Capacitor (from `../../node_modules/@capacitor/ios`)"
  - "CapacitorCordova (from `../../node_modules/@capacitor/ios`)"

EXTERNAL SOURCES:
  Capacitor:
    :path: "../../node_modules/@capacitor/ios"
  CapacitorCordova:
    :path: "../../node_modules/@capacitor/ios"

SPEC CHECKSUMS:
  Capacitor: 6e644e9e3369368ac601c77a0fad57f34b78aaa6
  CapacitorCordova: f163aa2e84b79efc54d6a75b305bc7e05fb80c5d

PODFILE CHECKSUM: e5aad413742a07f9e736126612b43b6c058babcd

COCOAPODS: 1.16.2
